
Microsoft Visual Studio Solution File, Format Version 12.00
# Visual Studio 15
Project("{FAE04EC0-301F-11D3-BF4B-00C04F79EFBC}") = "PaymentUI.Android", "PaymentUI.Android\PaymentUI.Android.csproj", "{15B63E10-5A0E-422D-B7AB-9E2718F964A1}"
EndProject
Project("{FAE04EC0-301F-11D3-BF4B-00C04F79EFBC}") = "PaymentUI.iOS", "PaymentUI.iOS\PaymentUI.iOS.csproj", "{1B8C04AD-DC90-4595-AA45-C2E225E3C4CD}"
EndProject
Project("{FAE04EC0-301F-11D3-BF4B-00C04F79EFBC}") = "PaymentUI", "PaymentUI\PaymentUI.csproj", "{706F05D0-F644-4185-BAED-883AC2487EAE}"
EndProject
Global
	GlobalSection(SolutionConfigurationPlatforms) = preSolution
		Debug|Any CPU = Debug|Any CPU
		Release|Any CPU = Release|Any CPU
		Debug|iPhoneSimulator = Debug|iPhoneSimulator
		Release|iPhoneSimulator = Release|iPhoneSimulator
		Debug|iPhone = Debug|iPhone
		Release|iPhone = Release|iPhone
	EndGlobalSection
	GlobalSection(ProjectConfigurationPlatforms) = postSolution
		{15B63E10-5A0E-422D-B7AB-9E2718F964A1}.Debug|Any CPU.ActiveCfg = Debug|Any CPU
		{15B63E10-5A0E-422D-B7AB-9E2718F964A1}.Debug|Any CPU.Build.0 = Debug|Any CPU
		{15B63E10-5A0E-422D-B7AB-9E2718F964A1}.Release|Any CPU.ActiveCfg = Release|Any CPU
		{15B63E10-5A0E-422D-B7AB-9E2718F964A1}.Release|Any CPU.Build.0 = Release|Any CPU
		{15B63E10-5A0E-422D-B7AB-9E2718F964A1}.Debug|iPhoneSimulator.ActiveCfg = Debug|Any CPU
		{15B63E10-5A0E-422D-B7AB-9E2718F964A1}.Debug|iPhoneSimulator.Build.0 = Debug|Any CPU
		{15B63E10-5A0E-422D-B7AB-9E2718F964A1}.Release|iPhoneSimulator.ActiveCfg = Release|Any CPU
		{15B63E10-5A0E-422D-B7AB-9E2718F964A1}.Release|iPhoneSimulator.Build.0 = Release|Any CPU
		{15B63E10-5A0E-422D-B7AB-9E2718F964A1}.Debug|iPhone.ActiveCfg = Debug|Any CPU
		{15B63E10-5A0E-422D-B7AB-9E2718F964A1}.Debug|iPhone.Build.0 = Debug|Any CPU
		{15B63E10-5A0E-422D-B7AB-9E2718F964A1}.Release|iPhone.ActiveCfg = Release|Any CPU
		{15B63E10-5A0E-422D-B7AB-9E2718F964A1}.Release|iPhone.Build.0 = Release|Any CPU
		{1B8C04AD-DC90-4595-AA45-C2E225E3C4CD}.Debug|Any CPU.ActiveCfg = Debug|iPhoneSimulator
		{1B8C04AD-DC90-4595-AA45-C2E225E3C4CD}.Debug|Any CPU.Build.0 = Debug|iPhoneSimulator
		{1B8C04AD-DC90-4595-AA45-C2E225E3C4CD}.Release|Any CPU.ActiveCfg = Release|iPhoneSimulator
		{1B8C04AD-DC90-4595-AA45-C2E225E3C4CD}.Release|Any CPU.Build.0 = Release|iPhoneSimulator
		{1B8C04AD-DC90-4595-AA45-C2E225E3C4CD}.Debug|iPhoneSimulator.ActiveCfg = Debug|iPhoneSimulator
		{1B8C04AD-DC90-4595-AA45-C2E225E3C4CD}.Debug|iPhoneSimulator.Build.0 = Debug|iPhoneSimulator
		{1B8C04AD-DC90-4595-AA45-C2E225E3C4CD}.Release|iPhoneSimulator.ActiveCfg = Release|iPhoneSimulator
		{1B8C04AD-DC90-4595-AA45-C2E225E3C4CD}.Release|iPhoneSimulator.Build.0 = Release|iPhoneSimulator
		{1B8C04AD-DC90-4595-AA45-C2E225E3C4CD}.Debug|iPhone.ActiveCfg = Debug|iPhone
		{1B8C04AD-DC90-4595-AA45-C2E225E3C4CD}.Debug|iPhone.Build.0 = Debug|iPhone
		{1B8C04AD-DC90-4595-AA45-C2E225E3C4CD}.Release|iPhone.ActiveCfg = Release|iPhone
		{1B8C04AD-DC90-4595-AA45-C2E225E3C4CD}.Release|iPhone.Build.0 = Release|iPhone
		{706F05D0-F644-4185-BAED-883AC2487EAE}.Debug|Any CPU.ActiveCfg = Debug|Any CPU
		{706F05D0-F644-4185-BAED-883AC2487EAE}.Debug|Any CPU.Build.0 = Debug|Any CPU
		{706F05D0-F644-4185-BAED-883AC2487EAE}.Release|Any CPU.ActiveCfg = Release|Any CPU
		{706F05D0-F644-4185-BAED-883AC2487EAE}.Release|Any CPU.Build.0 = Release|Any CPU
		{706F05D0-F644-4185-BAED-883AC2487EAE}.Debug|iPhoneSimulator.ActiveCfg = Debug|Any CPU
		{706F05D0-F644-4185-BAED-883AC2487EAE}.Debug|iPhoneSimulator.Build.0 = Debug|Any CPU
		{706F05D0-F644-4185-BAED-883AC2487EAE}.Release|iPhoneSimulator.ActiveCfg = Release|Any CPU
		{706F05D0-F644-4185-BAED-883AC2487EAE}.Release|iPhoneSimulator.Build.0 = Release|Any CPU
		{706F05D0-F644-4185-BAED-883AC2487EAE}.Debug|iPhone.ActiveCfg = Debug|Any CPU
		{706F05D0-F644-4185-BAED-883AC2487EAE}.Debug|iPhone.Build.0 = Debug|Any CPU
		{706F05D0-F644-4185-BAED-883AC2487EAE}.Release|iPhone.ActiveCfg = Release|Any CPU
		{706F05D0-F644-4185-BAED-883AC2487EAE}.Release|iPhone.Build.0 = Release|Any CPU
	EndGlobalSection
EndGlobal
